// !$*UTF8*$!
{
	archiveVersion = 1;
	classes = {
	};
	objectVersion = 77;
	objects = {

/* Begin PBXContainerItemProxy section */
		037E93C22D592F32008804BC /* PBXContainerItemProxy */ = {
			isa = PBXContainerItemProxy;
			containerPortal = 037E939E2D592F30008804BC /* Project object */;
			proxyType = 1;
			remoteGlobalIDString = 037E93A52D592F30008804BC;
			remoteInfo = Demo_FriendList;
		};
		037E93CC2D592F32008804BC /* PBXContainerItemProxy */ = {
			isa = PBXContainerItemProxy;
			containerPortal = 037E939E2D592F30008804BC /* Project object */;
			proxyType = 1;
			remoteGlobalIDString = 037E93A52D592F30008804BC;
			remoteInfo = Demo_FriendList;
		};
/* End PBXContainerItemProxy section */

/* Begin PBXFileReference section */
		037E93A62D592F31008804BC /* Demo_FriendList.app */ = {isa = PBXFileReference; explicitFileType = wrapper.application; includeInIndex = 0; path = Demo_FriendList.app; sourceTree = BUILT_PRODUCTS_DIR; };
		037E93C12D592F32008804BC /* Demo_FriendListTests.xctest */ = {isa = PBXFileReference; explicitFileType = wrapper.cfbundle; includeInIndex = 0; path = Demo_FriendListTests.xctest; sourceTree = BUILT_PRODUCTS_DIR; };
		037E93CB2D592F32008804BC /* Demo_FriendListUITests.xctest */ = {isa = PBXFileReference; explicitFileType = wrapper.cfbundle; includeInIndex = 0; path = Demo_FriendListUITests.xctest; sourceTree = BUILT_PRODUCTS_DIR; };
/* End PBXFileReference section */

/* Begin PBXFileSystemSynchronizedBuildFileExceptionSet section */
		037E93D32D592F32008804BC /* Exceptions for "Demo_FriendList" folder in "Demo_FriendList" target */ = {
			isa = PBXFileSystemSynchronizedBuildFileExceptionSet;
			membershipExceptions = (
				Info.plist,
			);
			target = 037E93A52D592F30008804BC /* Demo_FriendList */;
		};
/* End PBXFileSystemSynchronizedBuildFileExceptionSet section */

/* Begin PBXFileSystemSynchronizedRootGroup section */
		037E93A82D592F31008804BC /* Demo_FriendList */ = {
			isa = PBXFileSystemSynchronizedRootGroup;
			exceptions = (
				037E93D32D592F32008804BC /* Exceptions for "Demo_FriendList" folder in "Demo_FriendList" target */,
			);
			path = Demo_FriendList;
			sourceTree = "<group>";
		};
		037E93C42D592F32008804BC /* Demo_FriendListTests */ = {
			isa = PBXFileSystemSynchronizedRootGroup;
			path = Demo_FriendListTests;
			sourceTree = "<group>";
		};
		037E93CE2D592F32008804BC /* Demo_FriendListUITests */ = {
			isa = PBXFileSystemSynchronizedRootGroup;
			path = Demo_FriendListUITests;
			sourceTree = "<group>";
		};
/* End PBXFileSystemSynchronizedRootGroup section */

/* Begin PBXFrameworksBuildPhase section */
		037E93A32D592F30008804BC /* Frameworks */ = {
			isa = PBXFrameworksBuildPhase;
			buildActionMask = 2147483647;
			files = (
			);
			runOnlyForDeploymentPostprocessing = 0;
		};
		037E93BE2D592F32008804BC /* Frameworks */ = {
			isa = PBXFrameworksBuildPhase;
			buildActionMask = 2147483647;
			files = (
			);
			runOnlyForDeploymentPostprocessing = 0;
		};
		037E93C82D592F32008804BC /* Frameworks */ = {
			isa = PBXFrameworksBuildPhase;
			buildActionMask = 2147483647;
			files = (
			);
			runOnlyForDeploymentPostprocessing = 0;
		};
/* End PBXFrameworksBuildPhase section */

/* Begin PBXGroup section */
		037E939D2D592F30008804BC = {
			isa = PBXGroup;
			children = (
				037E93A82D592F31008804BC /* Demo_FriendList */,
				037E93C42D592F32008804BC /* Demo_FriendListTests */,
				037E93CE2D592F32008804BC /* Demo_FriendListUITests */,
				037E93A72D592F31008804BC /* Products */,
			);
			sourceTree = "<group>";
		};
		037E93A72D592F31008804BC /* Products */ = {
			isa = PBXGroup;
			children = (
				037E93A62D592F31008804BC /* Demo_FriendList.app */,
				037E93C12D592F32008804BC /* Demo_FriendListTests.xctest */,
				037E93CB2D592F32008804BC /* Demo_FriendListUITests.xctest */,
			);
			name = Products;
			sourceTree = "<group>";
		};
/* End PBXGroup section */

/* Begin PBXNativeTarget section */
		037E93A52D592F30008804BC /* Demo_FriendList */ = {
			isa = PBXNativeTarget;
			buildConfigurationList = 037E93D42D592F32008804BC /* Build configuration list for PBXNativeTarget "Demo_FriendList" */;
			buildPhases = (
				037E93A22D592F30008804BC /* Sources */,
				037E93A32D592F30008804BC /* Frameworks */,
				037E93A42D592F30008804BC /* Resources */,
			);
			buildRules = (
			);
			dependencies = (
			);
			fileSystemSynchronizedGroups = (
				037E93A82D592F31008804BC /* Demo_FriendList */,
			);
			name = Demo_FriendList;
			packageProductDependencies = (
			);
			productName = Demo_FriendList;
			productReference = 037E93A62D592F31008804BC /* Demo_FriendList.app */;
			productType = "com.apple.product-type.application";
		};
		037E93C02D592F32008804BC /* Demo_FriendListTests */ = {
			isa = PBXNativeTarget;
			buildConfigurationList = 037E93D92D592F32008804BC /* Build configuration list for PBXNativeTarget "Demo_FriendListTests" */;
			buildPhases = (
				037E93BD2D592F32008804BC /* Sources */,
				037E93BE2D592F32008804BC /* Frameworks */,
				037E93BF2D592F32008804BC /* Resources */,
			);
			buildRules = (
			);
			dependencies = (
				037E93C32D592F32008804BC /* PBXTargetDependency */,
			);
			fileSystemSynchronizedGroups = (
				037E93C42D592F32008804BC /* Demo_FriendListTests */,
			);
			name = Demo_FriendListTests;
			packageProductDependencies = (
			);
			productName = Demo_FriendListTests;
			productReference = 037E93C12D592F32008804BC /* Demo_FriendListTests.xctest */;
			productType = "com.apple.product-type.bundle.unit-test";
		};
		037E93CA2D592F32008804BC /* Demo_FriendListUITests */ = {
			isa = PBXNativeTarget;
			buildConfigurationList = 037E93DC2D592F32008804BC /* Build configuration list for PBXNativeTarget "Demo_FriendListUITests" */;
			buildPhases = (
				037E93C72D592F32008804BC /* Sources */,
				037E93C82D592F32008804BC /* Frameworks */,
				037E93C92D592F32008804BC /* Resources */,
			);
			buildRules = (
			);
			dependencies = (
				037E93CD2D592F32008804BC /* PBXTargetDependency */,
			);
			fileSystemSynchronizedGroups = (
				037E93CE2D592F32008804BC /* Demo_FriendListUITests */,
			);
			name = Demo_FriendListUITests;
			packageProductDependencies = (
			);
			productName = Demo_FriendListUITests;
			productReference = 037E93CB2D592F32008804BC /* Demo_FriendListUITests.xctest */;
			productType = "com.apple.product-type.bundle.ui-testing";
		};
/* End PBXNativeTarget section */

/* Begin PBXProject section */
		037E939E2D592F30008804BC /* Project object */ = {
			isa = PBXProject;
			attributes = {
				BuildIndependentTargetsInParallel = 1;
				LastUpgradeCheck = 1610;
				TargetAttributes = {
					037E93A52D592F30008804BC = {
						CreatedOnToolsVersion = 16.1;
					};
					037E93C02D592F32008804BC = {
						CreatedOnToolsVersion = 16.1;
						TestTargetID = 037E93A52D592F30008804BC;
					};
					037E93CA2D592F32008804BC = {
						CreatedOnToolsVersion = 16.1;
						TestTargetID = 037E93A52D592F30008804BC;
					};
				};
			};
			buildConfigurationList = 037E93A12D592F30008804BC /* Build configuration list for PBXProject "Demo_FriendList" */;
			developmentRegion = en;
			hasScannedForEncodings = 0;
			knownRegions = (
				en,
				Base,
			);
			mainGroup = 037E939D2D592F30008804BC;
			minimizedProjectReferenceProxies = 1;
			preferredProjectObjectVersion = 77;
			productRefGroup = 037E93A72D592F31008804BC /* Products */;
			projectDirPath = "";
			projectRoot = "";
			targets = (
				037E93A52D592F30008804BC /* Demo_FriendList */,
				037E93C02D592F32008804BC /* Demo_FriendListTests */,
				037E93CA2D592F32008804BC /* Demo_FriendListUITests */,
			);
		};
/* End PBXProject section */

/* Begin PBXResourcesBuildPhase section */
		037E93A42D592F30008804BC /* Resources */ = {
			isa = PBXResourcesBuildPhase;
			buildActionMask = 2147483647;
			files = (
			);
			runOnlyForDeploymentPostprocessing = 0;
		};
		037E93BF2D592F32008804BC /* Resources */ = {
			isa = PBXResourcesBuildPhase;
			buildActionMask = 2147483647;
			files = (
			);
			runOnlyForDeploymentPostprocessing = 0;
		};
		037E93C92D592F32008804BC /* Resources */ = {
			isa = PBXResourcesBuildPhase;
			buildActionMask = 2147483647;
			files = (
			);
			runOnlyForDeploymentPostprocessing = 0;
		};
/* End PBXResourcesBuildPhase section */

/* Begin PBXSourcesBuildPhase section */
		037E93A22D592F30008804BC /* Sources */ = {
			isa = PBXSourcesBuildPhase;
			buildActionMask = 2147483647;
			files = (
			);
			runOnlyForDeploymentPostprocessing = 0;
		};
		037E93BD2D592F32008804BC /* Sources */ = {
			isa = PBXSourcesBuildPhase;
			buildActionMask = 2147483647;
			files = (
			);
			runOnlyForDeploymentPostprocessing = 0;
		};
		037E93C72D592F32008804BC /* Sources */ = {
			isa = PBXSourcesBuildPhase;
			buildActionMask = 2147483647;
			files = (
			);
			runOnlyForDeploymentPostprocessing = 0;
		};
/* End PBXSourcesBuildPhase section */

/* Begin PBXTargetDependency section */
		037E93C32D592F32008804BC /* PBXTargetDependency */ = {
			isa = PBXTargetDependency;
			target = 037E93A52D592F30008804BC /* Demo_FriendList */;
			targetProxy = 037E93C22D592F32008804BC /* PBXContainerItemProxy */;
		};
		037E93CD2D592F32008804BC /* PBXTargetDependency */ = {
			isa = PBXTargetDependency;
			target = 037E93A52D592F30008804BC /* Demo_FriendList */;
			targetProxy = 037E93CC2D592F32008804BC /* PBXContainerItemProxy */;
		};
/* End PBXTargetDependency section */

/* Begin XCBuildConfiguration section */
		037E93D52D592F32008804BC /* Debug */ = {
			isa = XCBuildConfiguration;
			buildSettings = {
				ASSETCATALOG_COMPILER_APPICON_NAME = AppIcon;
				ASSETCATALOG_COMPILER_GLOBAL_ACCENT_COLOR_NAME = AccentColor;
				CODE_SIGN_STYLE = Automatic;
				CURRENT_PROJECT_VERSION = 1;
				DEVELOPMENT_TEAM = Y82V3U924M;
				GENERATE_INFOPLIST_FILE = YES;
				INFOPLIST_FILE = Demo_FriendList/Info.plist;
				INFOPLIST_KEY_UIApplicationSupportsIndirectInputEvents = YES;
				INFOPLIST_KEY_UILaunchStoryboardName = LaunchScreen;
				INFOPLIST_KEY_UIMainStoryboardFile = Main;
				INFOPLIST_KEY_UISupportedInterfaceOrientations_iPad = "UIInterfaceOrientationPortrait UIInterfaceOrientationPortraitUpsideDown UIInterfaceOrientationLandscapeLeft UIInterfaceOrientationLandscapeRight";
				INFOPLIST_KEY_UISupportedInterfaceOrientations_iPhone = "UIInterfaceOrientationPortrait UIInterfaceOrientationLandscapeLeft UIInterfaceOrientationLandscapeRight";
				LD_RUNPATH_SEARCH_PATHS = (
					"$(inherited)",
					"@executable_path/Frameworks",
				);
				MARKETING_VERSION = 1.0;
				PRODUCT_BUNDLE_IDENTIFIER = "JoshTest.Demo-FriendList";
				PRODUCT_NAME = "$(TARGET_NAME)";
				SWIFT_EMIT_LOC_STRINGS = YES;
				TARGETED_DEVICE_FAMILY = "1,2";
			};
			name = Debug;
		};
		037E93D62D592F32008804BC /* Release */ = {
			isa = XCBuildConfiguration;
			buildSettings = {
				ASSETCATALOG_COMPILER_APPICON_NAME = AppIcon;
				ASSETCATALOG_COMPILER_GLOBAL_ACCENT_COLOR_NAME = AccentColor;
				CODE_SIGN_STYLE = Automatic;
				CURRENT_PROJECT_VERSION = 1;
				DEVELOPMENT_TEAM = Y82V3U924M;
				GENERATE_INFOPLIST_FILE = YES;
				INFOPLIST_FILE = Demo_FriendList/Info.plist;
				INFOPLIST_KEY_UIApplicationSupportsIndirectInputEvents = YES;
				INFOPLIST_KEY_UILaunchStoryboardName = LaunchScreen;
				INFOPLIST_KEY_UIMainStoryboardFile = Main;
				INFOPLIST_KEY_UISupportedInterfaceOrientations_iPad = "UIInterfaceOrientationPortrait UIInterfaceOrientationPortraitUpsideDown UIInterfaceOrientationLandscapeLeft UIInterfaceOrientationLandscapeRight";
				INFOPLIST_KEY_UISupportedInterfaceOrientations_iPhone = "UIInterfaceOrientationPortrait UIInterfaceOrientationLandscapeLeft UIInterfaceOrientationLandscapeRight";
				LD_RUNPATH_SEARCH_PATHS = (
					"$(inherited)",
					"@executable_path/Frameworks",
				);
				MARKETING_VERSION = 1.0;
				PRODUCT_BUNDLE_IDENTIFIER = "JoshTest.Demo-FriendList";
				PRODUCT_NAME = "$(TARGET_NAME)";
				SWIFT_EMIT_LOC_STRINGS = YES;
				TARGETED_DEVICE_FAMILY = "1,2";
			};
			name = Release;
		};
		037E93D72D592F32008804BC /* Debug */ = {
			isa = XCBuildConfiguration;
			buildSettings = {
				ALWAYS_SEARCH_USER_PATHS = NO;
				ASSETCATALOG_COMPILER_GENERATE_SWIFT_ASSET_SYMBOL_EXTENSIONS = YES;
				CLANG_ANALYZER_NONNULL = YES;
				CLANG_ANALYZER_NUMBER_OBJECT_CONVERSION = YES_AGGRESSIVE;
				CLANG_CXX_LANGUAGE_STANDARD = "gnu++20";
				CLANG_ENABLE_MODULES = YES;
				CLANG_ENABLE_OBJC_ARC = YES;
				CLANG_ENABLE_OBJC_WEAK = YES;
				CLANG_WARN_BLOCK_CAPTURE_AUTORELEASING = YES;
				CLANG_WARN_BOOL_CONVERSION = YES;
				CLANG_WARN_COMMA = YES;
				CLANG_WARN_CONSTANT_CONVERSION = YES;
				CLANG_WARN_DEPRECATED_OBJC_IMPLEMENTATIONS = YES;
				CLANG_WARN_DIRECT_OBJC_ISA_USAGE = YES_ERROR;
				CLANG_WARN_DOCUMENTATION_COMMENTS = YES;
				CLANG_WARN_EMPTY_BODY = YES;
				CLANG_WARN_ENUM_CONVERSION = YES;
				CLANG_WARN_INFINITE_RECURSION = YES;
				CLANG_WARN_INT_CONVERSION = YES;
				CLANG_WARN_NON_LITERAL_NULL_CONVERSION = YES;
				CLANG_WARN_OBJC_IMPLICIT_RETAIN_SELF = YES;
				CLANG_WARN_OBJC_LITERAL_CONVERSION = YES;
				CLANG_WARN_OBJC_ROOT_CLASS = YES_ERROR;
				CLANG_WARN_QUOTED_INCLUDE_IN_FRAMEWORK_HEADER = YES;
				CLANG_WARN_RANGE_LOOP_ANALYSIS = YES;
				CLANG_WARN_STRICT_PROTOTYPES = YES;
				CLANG_WARN_SUSPICIOUS_MOVE = YES;
				CLANG_WARN_UNGUARDED_AVAILABILITY = YES_AGGRESSIVE;
				CLANG_WARN_UNREACHABLE_CODE = YES;
				CLANG_WARN__DUPLICATE_METHOD_MATCH = YES;
				COPY_PHASE_STRIP = NO;
				DEBUG_INFORMATION_FORMAT = dwarf;
				ENABLE_STRICT_OBJC_MSGSEND = YES;
				ENABLE_TESTABILITY = YES;
				ENABLE_USER_SCRIPT_SANDBOXING = YES;
				GCC_C_LANGUAGE_STANDARD = gnu17;
				GCC_DYNAMIC_NO_PIC = NO;
				GCC_NO_COMMON_BLOCKS = YES;
				GCC_OPTIMIZATION_LEVEL = 0;
				GCC_PREPROCESSOR_DEFINITIONS = (
					"DEBUG=1",
					"$(inherited)",
				);
				GCC_WARN_64_TO_32_BIT_CONVERSION = YES;
				GCC_WARN_ABOUT_RETURN_TYPE = YES_ERROR;
				GCC_WARN_UNDECLARED_SELECTOR = YES;
				GCC_WARN_UNINITIALIZED_AUTOS = YES_AGGRESSIVE;
				GCC_WARN_UNUSED_FUNCTION = YES;
				GCC_WARN_UNUSED_VARIABLE = YES;
				IPHONEOS_DEPLOYMENT_TARGET = 18.1;
				LOCALIZATION_PREFERS_STRING_CATALOGS = YES;
				MTL_ENABLE_DEBUG_INFO = INCLUDE_SOURCE;
				MTL_FAST_MATH = YES;
				ONLY_ACTIVE_ARCH = YES;
				SDKROOT = iphoneos;
			};
			name = Debug;
		};
		037E93D82D592F32008804BC /* Release */ = {
			isa = XCBuildConfiguration;
			buildSettings = {
				ALWAYS_SEARCH_USER_PATHS = NO;
				ASSETCATALOG_COMPILER_GENERATE_SWIFT_ASSET_SYMBOL_EXTENSIONS = YES;
				CLANG_ANALYZER_NONNULL = YES;
				CLANG_ANALYZER_NUMBER_OBJECT_CONVERSION = YES_AGGRESSIVE;
				CLANG_CXX_LANGUAGE_STANDARD = "gnu++20";
				CLANG_ENABLE_MODULES = YES;
				CLANG_ENABLE_OBJC_ARC = YES;
				CLANG_ENABLE_OBJC_WEAK = YES;
				CLANG_WARN_BLOCK_CAPTURE_AUTORELEASING = YES;
				CLANG_WARN_BOOL_CONVERSION = YES;
				CLANG_WARN_COMMA = YES;
				CLANG_WARN_CONSTANT_CONVERSION = YES;
				CLANG_WARN_DEPRECATED_OBJC_IMPLEMENTATIONS = YES;
				CLANG_WARN_DIRECT_OBJC_ISA_USAGE = YES_ERROR;
				CLANG_WARN_DOCUMENTATION_COMMENTS = YES;
				CLANG_WARN_EMPTY_BODY = YES;
				CLANG_WARN_ENUM_CONVERSION = YES;
				CLANG_WARN_INFINITE_RECURSION = YES;
				CLANG_WARN_INT_CONVERSION = YES;
				CLANG_WARN_NON_LITERAL_NULL_CONVERSION = YES;
				CLANG_WARN_OBJC_IMPLICIT_RETAIN_SELF = YES;
				CLANG_WARN_OBJC_LITERAL_CONVERSION = YES;
				CLANG_WARN_OBJC_ROOT_CLASS = YES_ERROR;
				CLANG_WARN_QUOTED_INCLUDE_IN_FRAMEWORK_HEADER = YES;
				CLANG_WARN_RANGE_LOOP_ANALYSIS = YES;
				CLANG_WARN_STRICT_PROTOTYPES = YES;
				CLANG_WARN_SUSPICIOUS_MOVE = YES;
				CLANG_WARN_UNGUARDED_AVAILABILITY = YES_AGGRESSIVE;
				CLANG_WARN_UNREACHABLE_CODE = YES;
				CLANG_WARN__DUPLICATE_METHOD_MATCH = YES;
				COPY_PHASE_STRIP = NO;
				DEBUG_INFORMATION_FORMAT = "dwarf-with-dsym";
				ENABLE_NS_ASSERTIONS = NO;
				ENABLE_STRICT_OBJC_MSGSEND = YES;
				ENABLE_USER_SCRIPT_SANDBOXING = YES;
				GCC_C_LANGUAGE_STANDARD = gnu17;
				GCC_NO_COMMON_BLOCKS = YES;
				GCC_WARN_64_TO_32_BIT_CONVERSION = YES;
				GCC_WARN_ABOUT_RETURN_TYPE = YES_ERROR;
				GCC_WARN_UNDECLARED_SELECTOR = YES;
				GCC_WARN_UNINITIALIZED_AUTOS = YES_AGGRESSIVE;
				GCC_WARN_UNUSED_FUNCTION = YES;
				GCC_WARN_UNUSED_VARIABLE = YES;
				IPHONEOS_DEPLOYMENT_TARGET = 18.1;
				LOCALIZATION_PREFERS_STRING_CATALOGS = YES;
				MTL_ENABLE_DEBUG_INFO = NO;
				MTL_FAST_MATH = YES;
				SDKROOT = iphoneos;
				VALIDATE_PRODUCT = YES;
			};
			name = Release;
		};
		037E93DA2D592F32008804BC /* Debug */ = {
			isa = XCBuildConfiguration;
			buildSettings = {
				BUNDLE_LOADER = "$(TEST_HOST)";
				CODE_SIGN_STYLE = Automatic;
				CURRENT_PROJECT_VERSION = 1;
				DEVELOPMENT_TEAM = Y82V3U924M;
				GENERATE_INFOPLIST_FILE = YES;
				IPHONEOS_DEPLOYMENT_TARGET = 18.1;
				MARKETING_VERSION = 1.0;
				PRODUCT_BUNDLE_IDENTIFIER = "JoshTest.Demo-FriendListTests";
				PRODUCT_NAME = "$(TARGET_NAME)";
				SWIFT_EMIT_LOC_STRINGS = NO;
				TARGETED_DEVICE_FAMILY = "1,2";
				TEST_HOST = "$(BUILT_PRODUCTS_DIR)/Demo_FriendList.app/$(BUNDLE_EXECUTABLE_FOLDER_PATH)/Demo_FriendList";
			};
			name = Debug;
		};
		037E93DB2D592F32008804BC /* Release */ = {
			isa = XCBuildConfiguration;
			buildSettings = {
				BUNDLE_LOADER = "$(TEST_HOST)";
				CODE_SIGN_STYLE = Automatic;
				CURRENT_PROJECT_VERSION = 1;
				DEVELOPMENT_TEAM = Y82V3U924M;
				GENERATE_INFOPLIST_FILE = YES;
				IPHONEOS_DEPLOYMENT_TARGET = 18.1;
				MARKETING_VERSION = 1.0;
				PRODUCT_BUNDLE_IDENTIFIER = "JoshTest.Demo-FriendListTests";
				PRODUCT_NAME = "$(TARGET_NAME)";
				SWIFT_EMIT_LOC_STRINGS = NO;
				TARGETED_DEVICE_FAMILY = "1,2";
				TEST_HOST = "$(BUILT_PRODUCTS_DIR)/Demo_FriendList.app/$(BUNDLE_EXECUTABLE_FOLDER_PATH)/Demo_FriendList";
			};
			name = Release;
		};
		037E93DD2D592F32008804BC /* Debug */ = {
			isa = XCBuildConfiguration;
			buildSettings = {
				CODE_SIGN_STYLE = Automatic;
				CURRENT_PROJECT_VERSION = 1;
				DEVELOPMENT_TEAM = Y82V3U924M;
				GENERATE_INFOPLIST_FILE = YES;
				MARKETING_VERSION = 1.0;
				PRODUCT_BUNDLE_IDENTIFIER = "JoshTest.Demo-FriendListUITests";
				PRODUCT_NAME = "$(TARGET_NAME)";
				SWIFT_EMIT_LOC_STRINGS = NO;
				TARGETED_DEVICE_FAMILY = "1,2";
				TEST_TARGET_NAME = Demo_FriendList;
			};
			name = Debug;
		};
		037E93DE2D592F32008804BC /* Release */ = {
			isa = XCBuildConfiguration;
			buildSettings = {
				CODE_SIGN_STYLE = Automatic;
				CURRENT_PROJECT_VERSION = 1;
				DEVELOPMENT_TEAM = Y82V3U924M;
				GENERATE_INFOPLIST_FILE = YES;
				MARKETING_VERSION = 1.0;
				PRODUCT_BUNDLE_IDENTIFIER = "JoshTest.Demo-FriendListUITests";
				PRODUCT_NAME = "$(TARGET_NAME)";
				SWIFT_EMIT_LOC_STRINGS = NO;
				TARGETED_DEVICE_FAMILY = "1,2";
				TEST_TARGET_NAME = Demo_FriendList;
			};
			name = Release;
		};
/* End XCBuildConfiguration section */

/* Begin XCConfigurationList section */
		037E93A12D592F30008804BC /* Build configuration list for PBXProject "Demo_FriendList" */ = {
			isa = XCConfigurationList;
			buildConfigurations = (
				037E93D72D592F32008804BC /* Debug */,
				037E93D82D592F32008804BC /* Release */,
			);
			defaultConfigurationIsVisible = 0;
			defaultConfigurationName = Release;
		};
		037E93D42D592F32008804BC /* Build configuration list for PBXNativeTarget "Demo_FriendList" */ = {
			isa = XCConfigurationList;
			buildConfigurations = (
				037E93D52D592F32008804BC /* Debug */,
				037E93D62D592F32008804BC /* Release */,
			);
			defaultConfigurationIsVisible = 0;
			defaultConfigurationName = Release;
		};
		037E93D92D592F32008804BC /* Build configuration list for PBXNativeTarget "Demo_FriendListTests" */ = {
			isa = XCConfigurationList;
			buildConfigurations = (
				037E93DA2D592F32008804BC /* Debug */,
				037E93DB2D592F32008804BC /* Release */,
			);
			defaultConfigurationIsVisible = 0;
			defaultConfigurationName = Release;
		};
		037E93DC2D592F32008804BC /* Build configuration list for PBXNativeTarget "Demo_FriendListUITests" */ = {
			isa = XCConfigurationList;
			buildConfigurations = (
				037E93DD2D592F32008804BC /* Debug */,
				037E93DE2D592F32008804BC /* Release */,
			);
			defaultConfigurationIsVisible = 0;
			defaultConfigurationName = Release;
		};
/* End XCConfigurationList section */
	};
	rootObject = 037E939E2D592F30008804BC /* Project object */;
}
